
Microsoft Visual Studio Solution File, Format Version 11.00
# Visual Studio 2010
Project("{FAE04EC0-301F-11D3-BF4B-00C04F79EFBC}") = "CustomOpenCards", "CustomOpenCards\CustomOpenCards.csproj", "{20798EC3-80B8-4855-BFBF-784DC828CCCB}"
EndProject
Project("{FAE04EC0-301F-11D3-BF4B-00C04F79EFBC}") = "TestProject", "TestProject\TestProject.csproj", "{E0FE01DA-06A6-45E7-84D6-1A73D84AF4CF}"
EndProject
Project("{FAE04EC0-301F-11D3-BF4B-00C04F79EFBC}") = "XmlFileTransferHandle", "XmlFileTransferHandle\XmlFileTransferHandle.csproj", "{57C4A556-1C76-4C49-8029-B3ED28840873}"
EndProject
Project("{FAE04EC0-301F-11D3-BF4B-00C04F79EFBC}") = "DotNet.Utilities", "DotNet.Utilities\DotNet.Utilities.csproj", "{643D406D-38E5-4A6E-8308-E48B87A1B69B}"
EndProject
Project("{FAE04EC0-301F-11D3-BF4B-00C04F79EFBC}") = "CustomUI", "CustomUI\CustomUI.csproj", "{C89BD0A0-644C-4EFF-97B9-CAE2402E0E17}"
EndProject
Global
	GlobalSection(SolutionConfigurationPlatforms) = preSolution
		Debug|Any CPU = Debug|Any CPU
		Debug|Mixed Platforms = Debug|Mixed Platforms
		Debug|x86 = Debug|x86
		Release|Any CPU = Release|Any CPU
		Release|Mixed Platforms = Release|Mixed Platforms
		Release|x86 = Release|x86
	EndGlobalSection
	GlobalSection(ProjectConfigurationPlatforms) = postSolution
		{20798EC3-80B8-4855-BFBF-784DC828CCCB}.Debug|Any CPU.ActiveCfg = Debug|x86
		{20798EC3-80B8-4855-BFBF-784DC828CCCB}.Debug|Mixed Platforms.ActiveCfg = Debug|x86
		{20798EC3-80B8-4855-BFBF-784DC828CCCB}.Debug|Mixed Platforms.Build.0 = Debug|x86
		{20798EC3-80B8-4855-BFBF-784DC828CCCB}.Debug|x86.ActiveCfg = Debug|x86
		{20798EC3-80B8-4855-BFBF-784DC828CCCB}.Debug|x86.Build.0 = Debug|x86
		{20798EC3-80B8-4855-BFBF-784DC828CCCB}.Release|Any CPU.ActiveCfg = Release|x86
		{20798EC3-80B8-4855-BFBF-784DC828CCCB}.Release|Mixed Platforms.ActiveCfg = Release|x86
		{20798EC3-80B8-4855-BFBF-784DC828CCCB}.Release|Mixed Platforms.Build.0 = Release|x86
		{20798EC3-80B8-4855-BFBF-784DC828CCCB}.Release|x86.ActiveCfg = Release|x86
		{20798EC3-80B8-4855-BFBF-784DC828CCCB}.Release|x86.Build.0 = Release|x86
		{E0FE01DA-06A6-45E7-84D6-1A73D84AF4CF}.Debug|Any CPU.ActiveCfg = Debug|x86
		{E0FE01DA-06A6-45E7-84D6-1A73D84AF4CF}.Debug|Mixed Platforms.ActiveCfg = Debug|x86
		{E0FE01DA-06A6-45E7-84D6-1A73D84AF4CF}.Debug|Mixed Platforms.Build.0 = Debug|x86
		{E0FE01DA-06A6-45E7-84D6-1A73D84AF4CF}.Debug|x86.ActiveCfg = Debug|x86
		{E0FE01DA-06A6-45E7-84D6-1A73D84AF4CF}.Debug|x86.Build.0 = Debug|x86
		{E0FE01DA-06A6-45E7-84D6-1A73D84AF4CF}.Release|Any CPU.ActiveCfg = Release|x86
		{E0FE01DA-06A6-45E7-84D6-1A73D84AF4CF}.Release|Mixed Platforms.ActiveCfg = Release|x86
		{E0FE01DA-06A6-45E7-84D6-1A73D84AF4CF}.Release|Mixed Platforms.Build.0 = Release|x86
		{E0FE01DA-06A6-45E7-84D6-1A73D84AF4CF}.Release|x86.ActiveCfg = Release|x86
		{E0FE01DA-06A6-45E7-84D6-1A73D84AF4CF}.Release|x86.Build.0 = Release|x86
		{57C4A556-1C76-4C49-8029-B3ED28840873}.Debug|Any CPU.ActiveCfg = Debug|Any CPU
		{57C4A556-1C76-4C49-8029-B3ED28840873}.Debug|Any CPU.Build.0 = Debug|Any CPU
		{57C4A556-1C76-4C49-8029-B3ED28840873}.Debug|Mixed Platforms.ActiveCfg = Debug|Any CPU
		{57C4A556-1C76-4C49-8029-B3ED28840873}.Debug|Mixed Platforms.Build.0 = Debug|Any CPU
		{57C4A556-1C76-4C49-8029-B3ED28840873}.Debug|x86.ActiveCfg = Debug|Any CPU
		{57C4A556-1C76-4C49-8029-B3ED28840873}.Release|Any CPU.ActiveCfg = Release|Any CPU
		{57C4A556-1C76-4C49-8029-B3ED28840873}.Release|Any CPU.Build.0 = Release|Any CPU
		{57C4A556-1C76-4C49-8029-B3ED28840873}.Release|Mixed Platforms.ActiveCfg = Release|Any CPU
		{57C4A556-1C76-4C49-8029-B3ED28840873}.Release|Mixed Platforms.Build.0 = Release|Any CPU
		{57C4A556-1C76-4C49-8029-B3ED28840873}.Release|x86.ActiveCfg = Release|Any CPU
		{643D406D-38E5-4A6E-8308-E48B87A1B69B}.Debug|Any CPU.ActiveCfg = Debug|Any CPU
		{643D406D-38E5-4A6E-8308-E48B87A1B69B}.Debug|Any CPU.Build.0 = Debug|Any CPU
		{643D406D-38E5-4A6E-8308-E48B87A1B69B}.Debug|Mixed Platforms.ActiveCfg = Debug|Any CPU
		{643D406D-38E5-4A6E-8308-E48B87A1B69B}.Debug|Mixed Platforms.Build.0 = Debug|Any CPU
		{643D406D-38E5-4A6E-8308-E48B87A1B69B}.Debug|x86.ActiveCfg = Debug|Any CPU
		{643D406D-38E5-4A6E-8308-E48B87A1B69B}.Release|Any CPU.ActiveCfg = Release|Any CPU
		{643D406D-38E5-4A6E-8308-E48B87A1B69B}.Release|Any CPU.Build.0 = Release|Any CPU
		{643D406D-38E5-4A6E-8308-E48B87A1B69B}.Release|Mixed Platforms.ActiveCfg = Release|Any CPU
		{643D406D-38E5-4A6E-8308-E48B87A1B69B}.Release|Mixed Platforms.Build.0 = Release|Any CPU
		{643D406D-38E5-4A6E-8308-E48B87A1B69B}.Release|x86.ActiveCfg = Release|Any CPU
		{C89BD0A0-644C-4EFF-97B9-CAE2402E0E17}.Debug|Any CPU.ActiveCfg = Debug|Any CPU
		{C89BD0A0-644C-4EFF-97B9-CAE2402E0E17}.Debug|Any CPU.Build.0 = Debug|Any CPU
		{C89BD0A0-644C-4EFF-97B9-CAE2402E0E17}.Debug|Mixed Platforms.ActiveCfg = Debug|Any CPU
		{C89BD0A0-644C-4EFF-97B9-CAE2402E0E17}.Debug|Mixed Platforms.Build.0 = Debug|Any CPU
		{C89BD0A0-644C-4EFF-97B9-CAE2402E0E17}.Debug|x86.ActiveCfg = Debug|Any CPU
		{C89BD0A0-644C-4EFF-97B9-CAE2402E0E17}.Release|Any CPU.ActiveCfg = Release|Any CPU
		{C89BD0A0-644C-4EFF-97B9-CAE2402E0E17}.Release|Any CPU.Build.0 = Release|Any CPU
		{C89BD0A0-644C-4EFF-97B9-CAE2402E0E17}.Release|Mixed Platforms.ActiveCfg = Release|Any CPU
		{C89BD0A0-644C-4EFF-97B9-CAE2402E0E17}.Release|Mixed Platforms.Build.0 = Release|Any CPU
		{C89BD0A0-644C-4EFF-97B9-CAE2402E0E17}.Release|x86.ActiveCfg = Release|Any CPU
	EndGlobalSection
	GlobalSection(SolutionProperties) = preSolution
		HideSolutionNode = FALSE
	EndGlobalSection
EndGlobal
